{
  "nodes": {
    "flake-utils": {
      "locked": {
        "lastModified": 1676283394,
        "narHash": "sha256-XX2f9c3iySLCw54rJ/CZs+ZK6IQy7GXNY4nSOyu2QG4=",
        "owner": "numtide",
        "repo": "flake-utils",
        "rev": "3db36a8b464d0c4532ba1c7dda728f4576d6d073",
        "type": "github"
      },
      "original": {
        "owner": "numtide",
        "repo": "flake-utils",
        "type": "github"
      }
    },
    "nixpkgs": {
      "locked": {
        "lastModified": 1677186295,
        "narHash": "sha256-SxS7Ne92WFMG9WVYu2h+h5ChZSOpa4yE8unKd7KAq38=",
        "owner": "NixOS",
        "repo": "nixpkgs",
        "rev": "9c4b6bbad4e740070d269fc8c448b544d9e8632f",
        "type": "github"
      },
      "original": {
        "owner": "NixOS",
        "repo": "nixpkgs",
        "type": "github"
      }
    },
    "root": {
      "inputs": {
        "nixpkgs": "nixpkgs",
        "ruby-flake-utils": "ruby-flake-utils"
      }
    },
    "ruby-flake-utils": {
      "inputs": {
        "flake-utils": "flake-utils"
      },
      "locked": {
        "lastModified": 1677186700,
        "narHash": "sha256-nfBRDbnjMGh+lZJ0mK93zcLT1mDRh3TbEmJ911qCbx8=",
        "owner": "t3rro",
        "repo": "ruby-flake-utils",
        "rev": "dba07a4964fe7834af60d246529bd66fa0b7311f",
        "type": "github"
      },
      "original": {
        "owner": "t3rro",
        "repo": "ruby-flake-utils",
        "type": "github"
      }
    }
  },
  "root": "root",
  "version": 7
}
