{
  "nodes": {
    "flake-utils": {
      "locked": {
        "lastModified": 1676283394,
        "narHash": "sha256-XX2f9c3iySLCw54rJ/CZs+ZK6IQy7GXNY4nSOyu2QG4=",
        "owner": "numtide",
        "repo": "flake-utils",
        "rev": "3db36a8b464d0c4532ba1c7dda728f4576d6d073",
        "type": "github"
      },
      "original": {
        "owner": "numtide",
        "repo": "flake-utils",
        "type": "github"
      }
    },
    "nixpkgs": {
      "locked": {
        "lastModified": 1677187649,
        "narHash": "sha256-Yfmb1RXbfhiTp/GOrWvCYsi/jVkyi/LnEHlRB127FLs=",
        "owner": "NixOS",
        "repo": "nixpkgs",
        "rev": "c124490a4c3fc2d93530021a38df3e6092834401",
        "type": "github"
      },
      "original": {
        "owner": "NixOS",
        "repo": "nixpkgs",
        "type": "github"
      }
    },
    "root": {
      "inputs": {
        "nixpkgs": "nixpkgs",
        "ruby-flake-utils": "ruby-flake-utils"
      }
    },
    "ruby-flake-utils": {
      "inputs": {
        "flake-utils": "flake-utils"
      },
      "locked": {
        "lastModified": 1677187660,
        "narHash": "sha256-dKP8x+oglaPme8V54O9h+3in57GA4rPBoST5NIik1mc=",
        "owner": "t3rro",
        "repo": "ruby-flake-utils",
        "rev": "47a75e35f5fbb18530c72a81336114c994f419da",
        "type": "github"
      },
      "original": {
        "owner": "t3rro",
        "repo": "ruby-flake-utils",
        "type": "github"
      }
    }
  },
  "root": "root",
  "version": 7
}
