{
  "nodes": {
    "flake-utils": {
      "locked": {
        "lastModified": 1676283394,
        "narHash": "sha256-XX2f9c3iySLCw54rJ/CZs+ZK6IQy7GXNY4nSOyu2QG4=",
        "owner": "numtide",
        "repo": "flake-utils",
        "rev": "3db36a8b464d0c4532ba1c7dda728f4576d6d073",
        "type": "github"
      },
      "original": {
        "owner": "numtide",
        "repo": "flake-utils",
        "type": "github"
      }
    },
    "nixpkgs": {
      "locked": {
        "lastModified": 1677154471,
        "narHash": "sha256-lpRNt59V9oou0n1B5PKzqFd9UlI/pHOhN7CouXcITbI=",
        "owner": "NixOS",
        "repo": "nixpkgs",
        "rev": "ef9030a3ba009625b2dda566b5c91db618468f5b",
        "type": "github"
      },
      "original": {
        "owner": "NixOS",
        "repo": "nixpkgs",
        "type": "github"
      }
    },
    "root": {
      "inputs": {
        "nixpkgs": "nixpkgs",
        "ruby-flake-utils": "ruby-flake-utils"
      }
    },
    "ruby-flake-utils": {
      "inputs": {
        "flake-utils": "flake-utils"
      },
      "locked": {
        "lastModified": 1677155243,
        "narHash": "sha256-npFK2Bqg+jqI9WKb5Wn8mS97dmYYNhFxRtVc2UssHFo=",
        "owner": "t3rro",
        "repo": "ruby-flake-utils",
        "rev": "94833cbd241163e53e09aecc77ee5f04e2daf3df",
        "type": "github"
      },
      "original": {
        "owner": "t3rro",
        "repo": "ruby-flake-utils",
        "type": "github"
      }
    }
  },
  "root": "root",
  "version": 7
}
